
Microsoft Visual Studio Solution File, Format Version 12.00
# Visual Studio Version 16
VisualStudioVersion = 16.0.29709.97
MinimumVisualStudioVersion = 10.0.40219.1
Project("{9A19103F-16F7-4668-BE54-9A1E7A4F7556}") = "WebAPIApplication", "WebAPIApplication.csproj", "{5AC86840-B62F-4972-8454-DF6E0AF1E8AE}"
EndProject
Project("{FAE04EC0-301F-11D3-BF4B-00C04F79EFBC}") = "Angular", "..\Angular\Angular.csproj", "{9C027144-5E48-480D-8D69-85DD0419F19C}"
EndProject
Global
	GlobalSection(SolutionConfigurationPlatforms) = preSolution
		Debug|Any CPU = Debug|Any CPU
		Release|Any CPU = Release|Any CPU
	EndGlobalSection
	GlobalSection(ProjectConfigurationPlatforms) = postSolution
		{5AC86840-B62F-4972-8454-DF6E0AF1E8AE}.Debug|Any CPU.ActiveCfg = Debug|Any CPU
		{5AC86840-B62F-4972-8454-DF6E0AF1E8AE}.Debug|Any CPU.Build.0 = Debug|Any CPU
		{5AC86840-B62F-4972-8454-DF6E0AF1E8AE}.Release|Any CPU.ActiveCfg = Release|Any CPU
		{5AC86840-B62F-4972-8454-DF6E0AF1E8AE}.Release|Any CPU.Build.0 = Release|Any CPU
		{9C027144-5E48-480D-8D69-85DD0419F19C}.Debug|Any CPU.ActiveCfg = Debug|Any CPU
		{9C027144-5E48-480D-8D69-85DD0419F19C}.Debug|Any CPU.Build.0 = Debug|Any CPU
		{9C027144-5E48-480D-8D69-85DD0419F19C}.Release|Any CPU.ActiveCfg = Release|Any CPU
		{9C027144-5E48-480D-8D69-85DD0419F19C}.Release|Any CPU.Build.0 = Release|Any CPU
	EndGlobalSection
	GlobalSection(SolutionProperties) = preSolution
		HideSolutionNode = FALSE
	EndGlobalSection
	GlobalSection(ExtensibilityGlobals) = postSolution
		SolutionGuid = {AABF38A0-3B63-4E4B-ADC4-E504F3A3FF84}
	EndGlobalSection
EndGlobal
